
Microsoft Visual Studio Solution File, Format Version 12.00
# Visual Studio Version 16
VisualStudioVersion = 16.0.31105.61
MinimumVisualStudioVersion = 10.0.40219.1
Project("{FAE04EC0-301F-11D3-BF4B-00C04F79EFBC}") = "DCompany.ServiceRequests.API", "DCompany.ServiceRequests.API.csproj", "{15DCEF89-3773-490F-BF1B-F6762CBBCD6E}"
EndProject
Project("{FAE04EC0-301F-11D3-BF4B-00C04F79EFBC}") = "DCompany.ServiceRequests.Models", "..\DCompany.ServiceRequests.Models\DCompany.ServiceRequests.Models.csproj", "{BD6A4D69-ED6A-4758-9608-F966404EF937}"
EndProject
Project("{FAE04EC0-301F-11D3-BF4B-00C04F79EFBC}") = "DCompany.ServiceRequests.DataAccess", "..\DCompany.ServiceRequests.DataAccess\DCompany.ServiceRequests.DataAccess.csproj", "{CF602C14-0E25-4050-B19F-6ADDAFCB0192}"
EndProject
Project("{FAE04EC0-301F-11D3-BF4B-00C04F79EFBC}") = "DCompany.ServicesRequests.Tests", "..\DCompany.ServicesRequests.Tests\DCompany.ServicesRequests.Tests.csproj", "{D9694D5F-DE5D-49E0-ACE8-83D6FFC903F6}"
EndProject
Global
	GlobalSection(SolutionConfigurationPlatforms) = preSolution
		Debug|Any CPU = Debug|Any CPU
		Release|Any CPU = Release|Any CPU
	EndGlobalSection
	GlobalSection(ProjectConfigurationPlatforms) = postSolution
		{15DCEF89-3773-490F-BF1B-F6762CBBCD6E}.Debug|Any CPU.ActiveCfg = Debug|Any CPU
		{15DCEF89-3773-490F-BF1B-F6762CBBCD6E}.Debug|Any CPU.Build.0 = Debug|Any CPU
		{15DCEF89-3773-490F-BF1B-F6762CBBCD6E}.Release|Any CPU.ActiveCfg = Release|Any CPU
		{15DCEF89-3773-490F-BF1B-F6762CBBCD6E}.Release|Any CPU.Build.0 = Release|Any CPU
		{BD6A4D69-ED6A-4758-9608-F966404EF937}.Debug|Any CPU.ActiveCfg = Debug|Any CPU
		{BD6A4D69-ED6A-4758-9608-F966404EF937}.Debug|Any CPU.Build.0 = Debug|Any CPU
		{BD6A4D69-ED6A-4758-9608-F966404EF937}.Release|Any CPU.ActiveCfg = Release|Any CPU
		{BD6A4D69-ED6A-4758-9608-F966404EF937}.Release|Any CPU.Build.0 = Release|Any CPU
		{CF602C14-0E25-4050-B19F-6ADDAFCB0192}.Debug|Any CPU.ActiveCfg = Debug|Any CPU
		{CF602C14-0E25-4050-B19F-6ADDAFCB0192}.Debug|Any CPU.Build.0 = Debug|Any CPU
		{CF602C14-0E25-4050-B19F-6ADDAFCB0192}.Release|Any CPU.ActiveCfg = Release|Any CPU
		{CF602C14-0E25-4050-B19F-6ADDAFCB0192}.Release|Any CPU.Build.0 = Release|Any CPU
		{D9694D5F-DE5D-49E0-ACE8-83D6FFC903F6}.Debug|Any CPU.ActiveCfg = Debug|Any CPU
		{D9694D5F-DE5D-49E0-ACE8-83D6FFC903F6}.Debug|Any CPU.Build.0 = Debug|Any CPU
		{D9694D5F-DE5D-49E0-ACE8-83D6FFC903F6}.Release|Any CPU.ActiveCfg = Release|Any CPU
		{D9694D5F-DE5D-49E0-ACE8-83D6FFC903F6}.Release|Any CPU.Build.0 = Release|Any CPU
	EndGlobalSection
	GlobalSection(SolutionProperties) = preSolution
		HideSolutionNode = FALSE
	EndGlobalSection
	GlobalSection(ExtensibilityGlobals) = postSolution
		SolutionGuid = {F038C013-B6F4-43FF-A22E-04013B9301AB}
	EndGlobalSection
EndGlobal
